<?xml version="1.0" encoding="utf-8"?>
<Project ToolsVersion="4.0" xmlns="http://schemas.microsoft.com/developer/msbuild/2003">
  <ItemGroup>
    <Filter Include="소스 파일">
      <UniqueIdentifier>{4FC737F1-C7A5-4376-A066-2A32D752A2FF}</UniqueIdentifier>
      <Extensions>cpp;c;cc;cxx;c++;cppm;ixx;def;odl;idl;hpj;bat;asm;asmx</Extensions>
    </Filter>
    <Filter Include="헤더 파일">
      <UniqueIdentifier>{93995380-89BD-4b04-88EB-625FBE52EBFB}</UniqueIdentifier>
      <Extensions>h;hh;hpp;hxx;h++;hm;inl;inc;ipp;xsd</Extensions>
    </Filter>
    <Filter Include="리소스 파일">
      <UniqueIdentifier>{67DA6AB6-F800-4c08-8B7A-83BB121AAD01}</UniqueIdentifier>
      <Extensions>rc;ico;cur;bmp;dlg;rc2;rct;bin;rgs;gif;jpg;jpeg;jpe;resx;tiff;tif;png;wav;mfcribbon-ms</Extensions>
    </Filter>
  </ItemGroup>
  <ItemGroup>
    <ClCompile Include="1002.c">
      <Filter>소스 파일</Filter>
    </ClCompile>
    <ClCompile Include="1003.c">
      <Filter>소스 파일</Filter>
    </ClCompile>
    <ClCompile Include="1004.c">
      <Filter>소스 파일</Filter>
    </ClCompile>
    <ClCompile Include="1001.c">
      <Filter>소스 파일</Filter>
    </ClCompile>
    <ClCompile Include="1005.c">
      <Filter>소스 파일</Filter>
    </ClCompile>
    <ClCompile Include="1006.c">
      <Filter>소스 파일</Filter>
    </ClCompile>
    <ClCompile Include="1007.c">
      <Filter>소스 파일</Filter>
    </ClCompile>
    <ClCompile Include="1008.c">
      <Filter>소스 파일</Filter>
    </ClCompile>
    <ClCompile Include="1010.c">
      <Filter>소스 파일</Filter>
    </ClCompile>
    <ClCompile Include="1011.c">
      <Filter>소스 파일</Filter>
    </ClCompile>
    <ClCompile Include="1012.c">
      <Filter>소스 파일</Filter>
    </ClCompile>
    <ClCompile Include="1013.c">
      <Filter>소스 파일</Filter>
    </ClCompile>
    <ClCompile Include="1014.c">
      <Filter>소스 파일</Filter>
    </ClCompile>
    <ClCompile Include="1015.c">
      <Filter>소스 파일</Filter>
    </ClCompile>
    <ClCompile Include="1017.c">
      <Filter>소스 파일</Filter>
    </ClCompile>
    <ClCompile Include="1018.c">
      <Filter>소스 파일</Filter>
    </ClCompile>
    <ClCompile Include="1019.c">
      <Filter>소스 파일</Filter>
    </ClCompile>
    <ClCompile Include="1020.c">
      <Filter>소스 파일</Filter>
    </ClCompile>
    <ClCompile Include="1021.c">
      <Filter>소스 파일</Filter>
    </ClCompile>
    <ClCompile Include="1022.c">
      <Filter>소스 파일</Filter>
    </ClCompile>
    <ClCompile Include="1023.c">
      <Filter>소스 파일</Filter>
    </ClCompile>
    <ClCompile Include="1024.c">
      <Filter>소스 파일</Filter>
    </ClCompile>
    <ClCompile Include="1025.c">
      <Filter>소스 파일</Filter>
    </ClCompile>
    <ClCompile Include="1026.c">
      <Filter>소스 파일</Filter>
    </ClCompile>
    <ClCompile Include="1027.c">
      <Filter>소스 파일</Filter>
    </ClCompile>
    <ClCompile Include="1028.c">
      <Filter>소스 파일</Filter>
    </ClCompile>
    <ClCompile Include="1029.c">
      <Filter>소스 파일</Filter>
    </ClCompile>
    <ClCompile Include="1030.c">
      <Filter>소스 파일</Filter>
    </ClCompile>
    <ClCompile Include="1031.c">
      <Filter>소스 파일</Filter>
    </ClCompile>
    <ClCompile Include="1032.c">
      <Filter>소스 파일</Filter>
    </ClCompile>
    <ClCompile Include="1033.c">
      <Filter>소스 파일</Filter>
    </ClCompile>
    <ClCompile Include="1034.c">
      <Filter>소스 파일</Filter>
    </ClCompile>
    <ClCompile Include="1035.c">
      <Filter>소스 파일</Filter>
    </ClCompile>
    <ClCompile Include="1036.c">
      <Filter>소스 파일</Filter>
    </ClCompile>
    <ClCompile Include="1037.c">
      <Filter>소스 파일</Filter>
    </ClCompile>
    <ClCompile Include="1038.c">
      <Filter>소스 파일</Filter>
    </ClCompile>
    <ClCompile Include="1039.c">
      <Filter>소스 파일</Filter>
    </ClCompile>
    <ClCompile Include="1040.c">
      <Filter>소스 파일</Filter>
    </ClCompile>
    <ClCompile Include="1041.c">
      <Filter>소스 파일</Filter>
    </ClCompile>
    <ClCompile Include="1042.c">
      <Filter>소스 파일</Filter>
    </ClCompile>
    <ClCompile Include="1043.c">
      <Filter>소스 파일</Filter>
    </ClCompile>
    <ClCompile Include="1044.c">
      <Filter>소스 파일</Filter>
    </ClCompile>
    <ClCompile Include="1045.c">
      <Filter>소스 파일</Filter>
    </ClCompile>
    <ClCompile Include="1046.c">
      <Filter>소스 파일</Filter>
    </ClCompile>
    <ClCompile Include="1047.c">
      <Filter>소스 파일</Filter>
    </ClCompile>
    <ClCompile Include="1048.c">
      <Filter>소스 파일</Filter>
    </ClCompile>
    <ClCompile Include="1049.c">
      <Filter>소스 파일</Filter>
    </ClCompile>
    <ClCompile Include="1050.c">
      <Filter>소스 파일</Filter>
    </ClCompile>
    <ClCompile Include="1051.c">
      <Filter>소스 파일</Filter>
    </ClCompile>
    <ClCompile Include="1052.c">
      <Filter>소스 파일</Filter>
    </ClCompile>
    <ClCompile Include="1053.c">
      <Filter>소스 파일</Filter>
    </ClCompile>
    <ClCompile Include="1054.c">
      <Filter>소스 파일</Filter>
    </ClCompile>
    <ClCompile Include="1055.c">
      <Filter>소스 파일</Filter>
    </ClCompile>
    <ClCompile Include="1056.c">
      <Filter>소스 파일</Filter>
    </ClCompile>
    <ClCompile Include="1057.c">
      <Filter>소스 파일</Filter>
    </ClCompile>
    <ClCompile Include="1058.c">
      <Filter>소스 파일</Filter>
    </ClCompile>
    <ClCompile Include="1059.c">
      <Filter>소스 파일</Filter>
    </ClCompile>
    <ClCompile Include="1060.c">
      <Filter>소스 파일</Filter>
    </ClCompile>
    <ClCompile Include="1061.c">
      <Filter>소스 파일</Filter>
    </ClCompile>
    <ClCompile Include="1062.c">
      <Filter>소스 파일</Filter>
    </ClCompile>
    <ClCompile Include="1063.c">
      <Filter>소스 파일</Filter>
    </ClCompile>
    <ClCompile Include="1064.c">
      <Filter>소스 파일</Filter>
    </ClCompile>
    <ClCompile Include="1065.c">
      <Filter>소스 파일</Filter>
    </ClCompile>
    <ClCompile Include="1066.c">
      <Filter>소스 파일</Filter>
    </ClCompile>
    <ClCompile Include="1067.c">
      <Filter>소스 파일</Filter>
    </ClCompile>
    <ClCompile Include="1068.c">
      <Filter>소스 파일</Filter>
    </ClCompile>
    <ClCompile Include="1069.c">
      <Filter>소스 파일</Filter>
    </ClCompile>
    <ClCompile Include="1070.c">
      <Filter>소스 파일</Filter>
    </ClCompile>
    <ClCompile Include="1071.c">
      <Filter>소스 파일</Filter>
    </ClCompile>
    <ClCompile Include="1072.c">
      <Filter>소스 파일</Filter>
    </ClCompile>
    <ClCompile Include="1073.c">
      <Filter>소스 파일</Filter>
    </ClCompile>
    <ClCompile Include="1074.c">
      <Filter>소스 파일</Filter>
    </ClCompile>
    <ClCompile Include="1075.c">
      <Filter>소스 파일</Filter>
    </ClCompile>
    <ClCompile Include="1076.c">
      <Filter>소스 파일</Filter>
    </ClCompile>
    <ClCompile Include="1077.c">
      <Filter>소스 파일</Filter>
    </ClCompile>
    <ClCompile Include="1078.c">
      <Filter>소스 파일</Filter>
    </ClCompile>
    <ClCompile Include="1079.c">
      <Filter>소스 파일</Filter>
    </ClCompile>
    <ClCompile Include="1080.c">
      <Filter>소스 파일</Filter>
    </ClCompile>
    <ClCompile Include="1081.c">
      <Filter>소스 파일</Filter>
    </ClCompile>
    <ClCompile Include="1082.c">
      <Filter>소스 파일</Filter>
    </ClCompile>
    <ClCompile Include="1083.c">
      <Filter>소스 파일</Filter>
    </ClCompile>
    <ClCompile Include="1084.c">
      <Filter>소스 파일</Filter>
    </ClCompile>
    <ClCompile Include="1085.c">
      <Filter>소스 파일</Filter>
    </ClCompile>
    <ClCompile Include="1086.c">
      <Filter>소스 파일</Filter>
    </ClCompile>
    <ClCompile Include="1087.c">
      <Filter>소스 파일</Filter>
    </ClCompile>
    <ClCompile Include="1088.c">
      <Filter>소스 파일</Filter>
    </ClCompile>
    <ClCompile Include="1089.c">
      <Filter>소스 파일</Filter>
    </ClCompile>
    <ClCompile Include="1090.c">
      <Filter>소스 파일</Filter>
    </ClCompile>
    <ClCompile Include="1091.c">
      <Filter>소스 파일</Filter>
    </ClCompile>
    <ClCompile Include="1092.c">
      <Filter>소스 파일</Filter>
    </ClCompile>
    <ClCompile Include="1093.c">
      <Filter>소스 파일</Filter>
    </ClCompile>
  </ItemGroup>
</Project>